{
  "name": "asn-ip",
  "version": "1.0.0",
  "lockfileVersion": 2,
  "requires": true,
  "packages": {
    "": {
      "name": "asn-ip",
      "version": "1.0.0",
      "dependencies": {
        "ip-cidr": "^3.0.4"
      }
    },
    "node_modules/ip-address": {
      "version": "7.1.0",
      "resolved": "https://registry.npmjs.org/ip-address/-/ip-address-7.1.0.tgz",
      "integrity": "sha512-V9pWC/VJf2lsXqP7IWJ+pe3P1/HCYGBMZrrnT62niLGjAfCbeiwXMUxaeHvnVlz19O27pvXP4azs+Pj/A0x+SQ==",
      "dependencies": {
        "jsbn": "1.1.0",
        "sprintf-js": "1.1.2"
      },
      "engines": {
        "node": ">= 10"
      }
    },
    "node_modules/ip-cidr": {
      "version": "3.0.10",
      "resolved": "https://registry.npmjs.org/ip-cidr/-/ip-cidr-3.0.10.tgz",
      "integrity": "sha512-PXSsrRYirsuaCI1qBVyVXRLUIpNzxm76eHd3UvN5NXTMUG85GWGZpr6P+70mimc5e7Nfh/tShmjk0oSywErMWg==",
      "dependencies": {
        "ip-address": "^7.1.0",
        "jsbn": "^1.1.0"
      },
      "engines": {
        "node": ">=10.0.0"
      }
    },
    "node_modules/jsbn": {
      "version": "1.1.0",
      "resolved": "https://registry.npmjs.org/jsbn/-/jsbn-1.1.0.tgz",
      "integrity": "sha512-4bYVV3aAMtDTTu4+xsDYa6sy9GyJ69/amsu9sYF2zqjiEoZA5xJi3BrfX3uY+/IekIu7MwdObdbDWpoZdBv3/A=="
    },
    "node_modules/sprintf-js": {
      "version": "1.1.2",
      "resolved": "https://registry.npmjs.org/sprintf-js/-/sprintf-js-1.1.2.tgz",
      "integrity": "sha512-VE0SOVEHCk7Qc8ulkWw3ntAzXuqf7S2lvwQaDLRnUeIEaKNQJzV6BwmLKhOqT61aGhfUMrXeaBk+oDGCzvhcug=="
    }
  },
  "dependencies": {
    "ip-address": {
      "version": "7.1.0",
      "resolved": "https://registry.npmjs.org/ip-address/-/ip-address-7.1.0.tgz",
      "integrity": "sha512-V9pWC/VJf2lsXqP7IWJ+pe3P1/HCYGBMZrrnT62niLGjAfCbeiwXMUxaeHvnVlz19O27pvXP4azs+Pj/A0x+SQ==",
      "requires": {
        "jsbn": "1.1.0",
        "sprintf-js": "1.1.2"
      }
    },
    "ip-cidr": {
      "version": "3.0.10",
      "resolved": "https://registry.npmjs.org/ip-cidr/-/ip-cidr-3.0.10.tgz",
      "integrity": "sha512-PXSsrRYirsuaCI1qBVyVXRLUIpNzxm76eHd3UvN5NXTMUG85GWGZpr6P+70mimc5e7Nfh/tShmjk0oSywErMWg==",
      "requires": {
        "ip-address": "^7.1.0",
        "jsbn": "^1.1.0"
      }
    },
    "jsbn": {
      "version": "1.1.0",
      "resolved": "https://registry.npmjs.org/jsbn/-/jsbn-1.1.0.tgz",
      "integrity": "sha512-4bYVV3aAMtDTTu4+xsDYa6sy9GyJ69/amsu9sYF2zqjiEoZA5xJi3BrfX3uY+/IekIu7MwdObdbDWpoZdBv3/A=="
    },
    "sprintf-js": {
      "version": "1.1.2",
      "resolved": "https://registry.npmjs.org/sprintf-js/-/sprintf-js-1.1.2.tgz",
      "integrity": "sha512-VE0SOVEHCk7Qc8ulkWw3ntAzXuqf7S2lvwQaDLRnUeIEaKNQJzV6BwmLKhOqT61aGhfUMrXeaBk+oDGCzvhcug=="
    }
  }
}
